{
    "info": {
        "_postman_id": "e2ae4270-b442-4cd2-9fea-0e836d8c143c",
        "name": "TaskManager API",
        "schema": "https://schema.getpostman.com/json/collection/v2.1.0/collection.json",
        "_exporter_id": "4506233"
    },
    "item": [
        {
            "name": "Get All Tasks",
            "request": {
                "method": "GET",
                "header": [],
                "url": {
                    "raw": "https://task-manager-api-jh9c.onrender.com/api/v1/tasks",
                    "host": [
                        "https://task-manager-api-jh9c.onrender.com"
                    ],
                    "path": [
                        "api",
                        "v1",
                        "tasks"
                    ]
                },
                "description": "Get all the tasks"
            },
            "response": []
        },
        {
            "name": "Get Single Task",
            "request": {
                "method": "GET",
                "header": [],
                "url": {
                    "raw": "https://task-manager-api-jh9c.onrender.com/api/v1/tasks/65f7db93af8606865a7b8aec",
                    "host": [
                        "https://task-manager-api-jh9c.onrender.com"
                    ],
                    "path": [
                        "api",
                        "v1",
                        "tasks",
                        "65f7db93af8606865a7b8aec"
                    ]
                }
            },
            "response": []
        },
        {
            "name": "Create New Task",
            "request": {
                "method": "POST",
                "header": [
                    {
                        "key": "Content-Type",
                        "value": "application/json",
                        "description": "JSON Type",
                        "type": "text"
                    }
                ],
                "body": {
                    "mode": "raw",
                    "raw": "{\n    \"name\": \"Take a shower\",\n    \"completed\": true\n}",
                    "options": {
                        "raw": {
                            "language": "json"
                        }
                    }
                },
                "url": {
                    "raw": "https://task-manager-api-jh9c.onrender.com/api/v1/tasks/",
                    "host": [
                        "https://task-manager-api-jh9c.onrender.com"
                    ],
                    "path": [
                        "api",
                        "v1",
                        "tasks",
                        ""
                    ]
                }
            },
            "response": []
        },
        {
            "name": "Update Task",
            "request": {
                "method": "PATCH",
                "header": [
                    {
                        "key": "Content-Type",
                        "value": "application/json",
                        "description": "JSON Type",
                        "type": "text"
                    }
                ],
                "body": {
                    "mode": "raw",
                    "raw": "{\n    \"name\":\"Play piano\",\n    \"completed\":true\n}",
                    "options": {
                        "raw": {
                            "language": "json"
                        }
                    }
                },
                "url": {
                    "raw": "https://task-manager-api-jh9c.onrender.com/api/v1/tasks/65f7db93af8606865a7b8aec",
                    "host": [
                        "https://task-manager-api-jh9c.onrender.com"
                    ],
                    "path": [
                        "api",
                        "v1",
                        "tasks",
                        "65f7db93af8606865a7b8aec"
                    ]
                }
            },
            "response": []
        },
        {
            "name": "DeleteTask",
            "request": {
                "method": "DELETE",
                "header": [],
                "url": {
                    "raw": "https://task-manager-api-jh9c.onrender.com/api/v1/tasks/65f7db98af8606865a7b8ae",
                    "host": [
                        "https://task-manager-api-jh9c.onrender.com"
                    ],
                    "path": [
                        "api",
                        "v1",
                        "tasks",
                        "65f7db98af8606865a7b8ae"
                    ]
                }
            },
            "response": []
        }
    ]
}